
Microsoft Visual Studio Solution File, Format Version 12.00
# Visual Studio Version 16
VisualStudioVersion = 16.0.31729.503
MinimumVisualStudioVersion = 10.0.40219.1
Project("{FAE04EC0-301F-11D3-BF4B-00C04F79EFBC}") = "lap4_NguyenQuocTu", "lap4_NguyenQuocTu\lap4_NguyenQuocTu.csproj", "{18A8287B-4197-41CD-A5C8-5B3E98FADFDC}"
EndProject
Global
	GlobalSection(SolutionConfigurationPlatforms) = preSolution
		Debug|Any CPU = Debug|Any CPU
		Release|Any CPU = Release|Any CPU
	EndGlobalSection
	GlobalSection(ProjectConfigurationPlatforms) = postSolution
		{18A8287B-4197-41CD-A5C8-5B3E98FADFDC}.Debug|Any CPU.ActiveCfg = Debug|Any CPU
		{18A8287B-4197-41CD-A5C8-5B3E98FADFDC}.Debug|Any CPU.Build.0 = Debug|Any CPU
		{18A8287B-4197-41CD-A5C8-5B3E98FADFDC}.Release|Any CPU.ActiveCfg = Release|Any CPU
		{18A8287B-4197-41CD-A5C8-5B3E98FADFDC}.Release|Any CPU.Build.0 = Release|Any CPU
	EndGlobalSection
	GlobalSection(SolutionProperties) = preSolution
		HideSolutionNode = FALSE
	EndGlobalSection
	GlobalSection(ExtensibilityGlobals) = postSolution
		SolutionGuid = {C9FD9107-E4EE-4FD8-82BD-32979F62A3FF}
	EndGlobalSection
EndGlobal
